<?xml version="1.0" encoding="utf-8"?>
<Project ToolsVersion="4.0" xmlns="http://schemas.microsoft.com/developer/msbuild/2003">
  <ItemGroup>
    <Text Include="ReadMe.txt" />
  </ItemGroup>
  <ItemGroup>
    <Filter Include="DesignPatterns">
      <UniqueIdentifier>{14236c9f-57bf-4b9c-b456-e2e3ceb82c42}</UniqueIdentifier>
    </Filter>
    <Filter Include="DesignPatterns\Singleton">
      <UniqueIdentifier>{95aef438-8637-4e1b-a076-db2e5ea9918b}</UniqueIdentifier>
    </Filter>
    <Filter Include="DesignPatterns\Singleton\BasicSoundSingleton">
      <UniqueIdentifier>{2c29f95b-fa1e-4198-8810-b4b3ebb9be4c}</UniqueIdentifier>
    </Filter>
    <Filter Include="DesignPatterns\Singleton\AdvancedManagedSingleton">
      <UniqueIdentifier>{d294b3b2-49ba-43ae-803d-7ab591917bd8}</UniqueIdentifier>
    </Filter>
    <Filter Include="DesignPatterns\Singleton\SingletonsAsServices">
      <UniqueIdentifier>{2699a6df-3917-48ae-b547-3eb5ba55f54b}</UniqueIdentifier>
    </Filter>
    <Filter Include="DataStructures">
      <UniqueIdentifier>{97af2d8b-a42e-49cd-aed4-7a385cadb76b}</UniqueIdentifier>
    </Filter>
    <Filter Include="DesignPatterns\State">
      <UniqueIdentifier>{3b1a1303-23b5-4c2f-aeb5-2f0f050bcf5d}</UniqueIdentifier>
    </Filter>
    <Filter Include="DesignPatterns\State\BasicState">
      <UniqueIdentifier>{2afd18b6-0e97-4281-aa1b-589a81f6dd82}</UniqueIdentifier>
    </Filter>
    <Filter Include="DesignPatterns\State\StateStack">
      <UniqueIdentifier>{52a460b2-383a-4367-9d95-6506a560cbf2}</UniqueIdentifier>
    </Filter>
    <Filter Include="DesignPatterns\AbstractFactory">
      <UniqueIdentifier>{97b8f918-348e-450a-9c71-a0f02da3a4b6}</UniqueIdentifier>
    </Filter>
    <Filter Include="DesignPatterns\Command">
      <UniqueIdentifier>{0d8332ba-d99f-4833-8b23-d937087f6910}</UniqueIdentifier>
    </Filter>
  </ItemGroup>
  <ItemGroup>
    <ClInclude Include="DesignPatterns\Singleton\BasicSoundSingleton\BasicSoundSingleton.h">
      <Filter>DesignPatterns\Singleton\BasicSoundSingleton</Filter>
    </ClInclude>
    <ClInclude Include="DesignPatterns\Singleton\AdvancedManagedSingleton\IManagedSingleton.h">
      <Filter>DesignPatterns\Singleton\AdvancedManagedSingleton</Filter>
    </ClInclude>
    <ClInclude Include="DesignPatterns\Singleton\AdvancedManagedSingleton\ManagedSingleton.h">
      <Filter>DesignPatterns\Singleton\AdvancedManagedSingleton</Filter>
    </ClInclude>
    <ClInclude Include="DesignPatterns\Singleton\AdvancedManagedSingleton\SingletonManager.h">
      <Filter>DesignPatterns\Singleton\AdvancedManagedSingleton</Filter>
    </ClInclude>
    <ClInclude Include="DesignPatterns\Singleton\AdvancedManagedSingleton\AdvancedSoundSingleton.h">
      <Filter>DesignPatterns\Singleton\AdvancedManagedSingleton</Filter>
    </ClInclude>
    <ClInclude Include="DesignPatterns\Singleton\SingletonsAsServices\IServiceSingleton.h">
      <Filter>DesignPatterns\Singleton\SingletonsAsServices</Filter>
    </ClInclude>
    <ClInclude Include="DesignPatterns\Singleton\SingletonsAsServices\SingletonServiceManager.h">
      <Filter>DesignPatterns\Singleton\SingletonsAsServices</Filter>
    </ClInclude>
    <ClInclude Include="DesignPatterns\Singleton\SingletonsAsServices\SoundServiceSingleton.h">
      <Filter>DesignPatterns\Singleton\SingletonsAsServices</Filter>
    </ClInclude>
    <ClInclude Include="DesignPatterns\Singleton\SingletonsAsServices\ExtendedSoundServiceSingleton.h">
      <Filter>DesignPatterns\Singleton\SingletonsAsServices</Filter>
    </ClInclude>
    <ClInclude Include="DesignPatterns\Singleton\SingletonsAsServices\ISoundServiceSingleton.h">
      <Filter>DesignPatterns\Singleton\SingletonsAsServices</Filter>
    </ClInclude>
    <ClInclude Include="DesignPatterns\State\BasicState\basicstatemachine.h">
      <Filter>DesignPatterns\State\BasicState</Filter>
    </ClInclude>
    <ClInclude Include="DesignPatterns\State\BasicState\IBasicState.h">
      <Filter>DesignPatterns\State\BasicState</Filter>
    </ClInclude>
    <ClInclude Include="DesignPatterns\State\BasicState\MouseDraggingState.h">
      <Filter>DesignPatterns\State\BasicState</Filter>
    </ClInclude>
    <ClInclude Include="DesignPatterns\State\BasicState\MouseScrollState.h">
      <Filter>DesignPatterns\State\BasicState</Filter>
    </ClInclude>
    <ClInclude Include="DesignPatterns\State\StateStack\StateStack.h">
      <Filter>DesignPatterns\State\StateStack</Filter>
    </ClInclude>
    <ClInclude Include="DesignPatterns\State\StateStack\IStackedState.h">
      <Filter>DesignPatterns\State\StateStack</Filter>
    </ClInclude>
    <ClInclude Include="DesignPatterns\State\StateStack\MainMenuState.h">
      <Filter>DesignPatterns\State\StateStack</Filter>
    </ClInclude>
    <ClInclude Include="DesignPatterns\State\StateStack\MapState.h">
      <Filter>DesignPatterns\State\StateStack</Filter>
    </ClInclude>
    <ClInclude Include="DesignPatterns\AbstractFactory\IAbstractGUIFactory.h">
      <Filter>DesignPatterns\AbstractFactory</Filter>
    </ClInclude>
    <ClInclude Include="DesignPatterns\AbstractFactory\IButton.h">
      <Filter>DesignPatterns\AbstractFactory</Filter>
    </ClInclude>
    <ClInclude Include="DesignPatterns\AbstractFactory\IWindow.h">
      <Filter>DesignPatterns\AbstractFactory</Filter>
    </ClInclude>
    <ClInclude Include="DesignPatterns\AbstractFactory\MacButton.h">
      <Filter>DesignPatterns\AbstractFactory</Filter>
    </ClInclude>
    <ClInclude Include="DesignPatterns\AbstractFactory\MacGUIFactory.h">
      <Filter>DesignPatterns\AbstractFactory</Filter>
    </ClInclude>
    <ClInclude Include="DesignPatterns\AbstractFactory\MacWindow.h">
      <Filter>DesignPatterns\AbstractFactory</Filter>
    </ClInclude>
    <ClInclude Include="DesignPatterns\AbstractFactory\PcGUIFactory.h">
      <Filter>DesignPatterns\AbstractFactory</Filter>
    </ClInclude>
    <ClInclude Include="DesignPatterns\AbstractFactory\WindowsButton.h">
      <Filter>DesignPatterns\AbstractFactory</Filter>
    </ClInclude>
    <ClInclude Include="DesignPatterns\AbstractFactory\WindowsWindow.h">
      <Filter>DesignPatterns\AbstractFactory</Filter>
    </ClInclude>
    <ClInclude Include="DesignPatterns\AbstractFactory\GuiApplication.h">
      <Filter>DesignPatterns\AbstractFactory</Filter>
    </ClInclude>
    <ClInclude Include="DesignPatterns\Command\CommandCoordinator.h">
      <Filter>DesignPatterns\Command</Filter>
    </ClInclude>
    <ClInclude Include="DesignPatterns\Command\ICommand.h">
      <Filter>DesignPatterns\Command</Filter>
    </ClInclude>
    <ClInclude Include="DesignPatterns\Command\MoveObjectCommand.h">
      <Filter>DesignPatterns\Command</Filter>
    </ClInclude>
    <ClInclude Include="DesignPatterns\Command\MoveableObject.h">
      <Filter>DesignPatterns\Command</Filter>
    </ClInclude>
  </ItemGroup>
  <ItemGroup>
    <ClCompile Include="DesignPatterns\Singleton\BasicSoundSingleton\BasicSoundSingleton.cpp">
      <Filter>DesignPatterns\Singleton\BasicSoundSingleton</Filter>
    </ClCompile>
    <ClCompile Include="DesignPatterns\Singleton\AdvancedManagedSingleton\AdvancedSoundSingleton.cpp">
      <Filter>DesignPatterns\Singleton\AdvancedManagedSingleton</Filter>
    </ClCompile>
    <ClCompile Include="DesignPatterns\Singleton\SingletonsAsServices\SingletonServiceManager.cpp">
      <Filter>DesignPatterns\Singleton\SingletonsAsServices</Filter>
    </ClCompile>
    <ClCompile Include="DesignPatterns\Singleton\SingletonsAsServices\SoundServiceSingleton.cpp">
      <Filter>DesignPatterns\Singleton\SingletonsAsServices</Filter>
    </ClCompile>
    <ClCompile Include="DesignPatterns\State\BasicState\BasicStateMachine.cpp">
      <Filter>DesignPatterns\State\BasicState</Filter>
    </ClCompile>
    <ClCompile Include="DesignPatterns\State\StateStack\StateStack.cpp">
      <Filter>DesignPatterns\State\StateStack</Filter>
    </ClCompile>
    <ClCompile Include="DesignPatterns\AbstractFactory\GuiApplication.cpp">
      <Filter>DesignPatterns\AbstractFactory</Filter>
    </ClCompile>
    <ClCompile Include="DesignPatterns\Command\CommandCoordinator.cpp">
      <Filter>DesignPatterns\Command</Filter>
    </ClCompile>
  </ItemGroup>
</Project>